
Microsoft Visual Studio Solution File, Format Version 12.00
# Visual Studio Version 17
VisualStudioVersion = 17.1.32228.430
MinimumVisualStudioVersion = 10.0.40219.1
Project("{FAE04EC0-301F-11D3-BF4B-00C04F79EFBC}") = "EternaSite", "EternaSite.csproj", "{DD57A23F-F035-4A6A-97F6-43B0CCD3E74C}"
EndProject
Global
	GlobalSection(SolutionConfigurationPlatforms) = preSolution
		Debug|Any CPU = Debug|Any CPU
		Release|Any CPU = Release|Any CPU
	EndGlobalSection
	GlobalSection(ProjectConfigurationPlatforms) = postSolution
		{DD57A23F-F035-4A6A-97F6-43B0CCD3E74C}.Debug|Any CPU.ActiveCfg = Debug|Any CPU
		{DD57A23F-F035-4A6A-97F6-43B0CCD3E74C}.Debug|Any CPU.Build.0 = Debug|Any CPU
		{DD57A23F-F035-4A6A-97F6-43B0CCD3E74C}.Release|Any CPU.ActiveCfg = Release|Any CPU
		{DD57A23F-F035-4A6A-97F6-43B0CCD3E74C}.Release|Any CPU.Build.0 = Release|Any CPU
	EndGlobalSection
	GlobalSection(SolutionProperties) = preSolution
		HideSolutionNode = FALSE
	EndGlobalSection
	GlobalSection(ExtensibilityGlobals) = postSolution
		SolutionGuid = {F1F48289-A80E-475D-ACE7-ABF7BC7BA72D}
	EndGlobalSection
EndGlobal
